// !$*UTF8*$!
{
	archiveVersion = 1;
	classes = {
	};
	objectVersion = 55;
	objects = {

/* Begin PBXBuildFile section */
		569387A228A48FDC0016DC8E /* ScrumdingerApp.swift in Sources */ = {isa = PBXBuildFile; fileRef = 569387A128A48FDC0016DC8E /* ScrumdingerApp.swift */; };
		569387A428A48FDC0016DC8E /* MeetingView.swift in Sources */ = {isa = PBXBuildFile; fileRef = 569387A328A48FDC0016DC8E /* MeetingView.swift */; };
		569387A628A48FDD0016DC8E /* Assets.xcassets in Resources */ = {isa = PBXBuildFile; fileRef = 569387A528A48FDD0016DC8E /* Assets.xcassets */; };
		569387A928A48FDD0016DC8E /* Preview Assets.xcassets in Resources */ = {isa = PBXBuildFile; fileRef = 569387A828A48FDD0016DC8E /* Preview Assets.xcassets */; };
		569387B128A499DD0016DC8E /* Theme.swift in Sources */ = {isa = PBXBuildFile; fileRef = 569387B028A499DD0016DC8E /* Theme.swift */; };
		569387B328A49B050016DC8E /* DailyScrum.swift in Sources */ = {isa = PBXBuildFile; fileRef = 569387B228A49B050016DC8E /* DailyScrum.swift */; };
		569387B528A49DF20016DC8E /* CardView.swift in Sources */ = {isa = PBXBuildFile; fileRef = 569387B428A49DF20016DC8E /* CardView.swift */; };
		569387B728A4A1CF0016DC8E /* TrailingIconLabel.swift in Sources */ = {isa = PBXBuildFile; fileRef = 569387B628A4A1CF0016DC8E /* TrailingIconLabel.swift */; };
		569387B928A546C80016DC8E /* ScrumsView.swift in Sources */ = {isa = PBXBuildFile; fileRef = 569387B828A546C80016DC8E /* ScrumsView.swift */; };
		569387BB28A6BC140016DC8E /* DetailView.swift in Sources */ = {isa = PBXBuildFile; fileRef = 569387BA28A6BC140016DC8E /* DetailView.swift */; };
		56A779E328A6DC3D0009AD26 /* progress.GIF in Resources */ = {isa = PBXBuildFile; fileRef = 56A779E228A6DC3D0009AD26 /* progress.GIF */; };
		56A779E528A894770009AD26 /* DetailEditView.swift in Sources */ = {isa = PBXBuildFile; fileRef = 56A779E428A894770009AD26 /* DetailEditView.swift */; };
		56A779E928A950800009AD26 /* ThemePicker.swift in Sources */ = {isa = PBXBuildFile; fileRef = 56A779E828A950800009AD26 /* ThemePicker.swift */; };
		56A779EB28A954C90009AD26 /* ThemeView.swift in Sources */ = {isa = PBXBuildFile; fileRef = 56A779EA28A954C90009AD26 /* ThemeView.swift */; };
/* End PBXBuildFile section */

/* Begin PBXFileReference section */
		5693879E28A48FDC0016DC8E /* Scrumdinger.app */ = {isa = PBXFileReference; explicitFileType = wrapper.application; includeInIndex = 0; path = Scrumdinger.app; sourceTree = BUILT_PRODUCTS_DIR; };
		569387A128A48FDC0016DC8E /* ScrumdingerApp.swift */ = {isa = PBXFileReference; lastKnownFileType = sourcecode.swift; path = ScrumdingerApp.swift; sourceTree = "<group>"; };
		569387A328A48FDC0016DC8E /* MeetingView.swift */ = {isa = PBXFileReference; lastKnownFileType = sourcecode.swift; path = MeetingView.swift; sourceTree = "<group>"; };
		569387A528A48FDD0016DC8E /* Assets.xcassets */ = {isa = PBXFileReference; lastKnownFileType = folder.assetcatalog; path = Assets.xcassets; sourceTree = "<group>"; };
		569387A828A48FDD0016DC8E /* Preview Assets.xcassets */ = {isa = PBXFileReference; lastKnownFileType = folder.assetcatalog; path = "Preview Assets.xcassets"; sourceTree = "<group>"; };
		569387B028A499DD0016DC8E /* Theme.swift */ = {isa = PBXFileReference; lastKnownFileType = sourcecode.swift; path = Theme.swift; sourceTree = "<group>"; };
		569387B228A49B050016DC8E /* DailyScrum.swift */ = {isa = PBXFileReference; lastKnownFileType = sourcecode.swift; path = DailyScrum.swift; sourceTree = "<group>"; };
		569387B428A49DF20016DC8E /* CardView.swift */ = {isa = PBXFileReference; lastKnownFileType = sourcecode.swift; path = CardView.swift; sourceTree = "<group>"; };
		569387B628A4A1CF0016DC8E /* TrailingIconLabel.swift */ = {isa = PBXFileReference; lastKnownFileType = sourcecode.swift; path = TrailingIconLabel.swift; sourceTree = "<group>"; };
		569387B828A546C80016DC8E /* ScrumsView.swift */ = {isa = PBXFileReference; lastKnownFileType = sourcecode.swift; path = ScrumsView.swift; sourceTree = "<group>"; };
		569387BA28A6BC140016DC8E /* DetailView.swift */ = {isa = PBXFileReference; lastKnownFileType = sourcecode.swift; path = DetailView.swift; sourceTree = "<group>"; };
		56A779E128A6DB190009AD26 /* ReadMe.md */ = {isa = PBXFileReference; lastKnownFileType = net.daringfireball.markdown; path = ReadMe.md; sourceTree = "<group>"; };
		56A779E228A6DC3D0009AD26 /* progress.GIF */ = {isa = PBXFileReference; lastKnownFileType = image.gif; path = progress.GIF; sourceTree = "<group>"; };
		56A779E428A894770009AD26 /* DetailEditView.swift */ = {isa = PBXFileReference; lastKnownFileType = sourcecode.swift; path = DetailEditView.swift; sourceTree = "<group>"; };
		56A779E828A950800009AD26 /* ThemePicker.swift */ = {isa = PBXFileReference; lastKnownFileType = sourcecode.swift; path = ThemePicker.swift; sourceTree = "<group>"; };
		56A779EA28A954C90009AD26 /* ThemeView.swift */ = {isa = PBXFileReference; lastKnownFileType = sourcecode.swift; path = ThemeView.swift; sourceTree = "<group>"; };
/* End PBXFileReference section */

/* Begin PBXFrameworksBuildPhase section */
		5693879B28A48FDC0016DC8E /* Frameworks */ = {
			isa = PBXFrameworksBuildPhase;
			buildActionMask = 2147483647;
			files = (
			);
			runOnlyForDeploymentPostprocessing = 0;
		};
/* End PBXFrameworksBuildPhase section */

/* Begin PBXGroup section */
		5693879528A48FDB0016DC8E = {
			isa = PBXGroup;
			children = (
				56A779E128A6DB190009AD26 /* ReadMe.md */,
				569387A028A48FDC0016DC8E /* Scrumdinger */,
				5693879F28A48FDC0016DC8E /* Products */,
			);
			sourceTree = "<group>";
		};
		5693879F28A48FDC0016DC8E /* Products */ = {
			isa = PBXGroup;
			children = (
				5693879E28A48FDC0016DC8E /* Scrumdinger.app */,
			);
			name = Products;
			sourceTree = "<group>";
		};
		569387A028A48FDC0016DC8E /* Scrumdinger */ = {
			isa = PBXGroup;
			children = (
				56A779E228A6DC3D0009AD26 /* progress.GIF */,
				569387AF28A499CD0016DC8E /* Models */,
				56A779E428A894770009AD26 /* DetailEditView.swift */,
				56A779EA28A954C90009AD26 /* ThemeView.swift */,
				56A779E828A950800009AD26 /* ThemePicker.swift */,
				569387A128A48FDC0016DC8E /* ScrumdingerApp.swift */,
				569387BA28A6BC140016DC8E /* DetailView.swift */,
				569387B428A49DF20016DC8E /* CardView.swift */,
				569387B828A546C80016DC8E /* ScrumsView.swift */,
				569387B628A4A1CF0016DC8E /* TrailingIconLabel.swift */,
				569387A328A48FDC0016DC8E /* MeetingView.swift */,
				569387A528A48FDD0016DC8E /* Assets.xcassets */,
				569387A728A48FDD0016DC8E /* Preview Content */,
			);
			path = Scrumdinger;
			sourceTree = "<group>";
		};
		569387A728A48FDD0016DC8E /* Preview Content */ = {
			isa = PBXGroup;
			children = (
				569387A828A48FDD0016DC8E /* Preview Assets.xcassets */,
			);
			path = "Preview Content";
			sourceTree = "<group>";
		};
		569387AF28A499CD0016DC8E /* Models */ = {
			isa = PBXGroup;
			children = (
				569387B028A499DD0016DC8E /* Theme.swift */,
				569387B228A49B050016DC8E /* DailyScrum.swift */,
			);
			path = Models;
			sourceTree = "<group>";
		};
/* End PBXGroup section */

/* Begin PBXNativeTarget section */
		5693879D28A48FDC0016DC8E /* Scrumdinger */ = {
			isa = PBXNativeTarget;
			buildConfigurationList = 569387AC28A48FDD0016DC8E /* Build configuration list for PBXNativeTarget "Scrumdinger" */;
			buildPhases = (
				5693879A28A48FDC0016DC8E /* Sources */,
				5693879B28A48FDC0016DC8E /* Frameworks */,
				5693879C28A48FDC0016DC8E /* Resources */,
			);
			buildRules = (
			);
			dependencies = (
			);
			name = Scrumdinger;
			productName = Scrumdinger;
			productReference = 5693879E28A48FDC0016DC8E /* Scrumdinger.app */;
			productType = "com.apple.product-type.application";
		};
/* End PBXNativeTarget section */

/* Begin PBXProject section */
		5693879628A48FDB0016DC8E /* Project object */ = {
			isa = PBXProject;
			attributes = {
				BuildIndependentTargetsInParallel = 1;
				LastSwiftUpdateCheck = 1340;
				LastUpgradeCheck = 1340;
				TargetAttributes = {
					5693879D28A48FDC0016DC8E = {
						CreatedOnToolsVersion = 13.4.1;
					};
				};
			};
			buildConfigurationList = 5693879928A48FDB0016DC8E /* Build configuration list for PBXProject "Scrumdinger" */;
			compatibilityVersion = "Xcode 13.0";
			developmentRegion = en;
			hasScannedForEncodings = 0;
			knownRegions = (
				en,
				Base,
			);
			mainGroup = 5693879528A48FDB0016DC8E;
			productRefGroup = 5693879F28A48FDC0016DC8E /* Products */;
			projectDirPath = "";
			projectRoot = "";
			targets = (
				5693879D28A48FDC0016DC8E /* Scrumdinger */,
			);
		};
/* End PBXProject section */

/* Begin PBXResourcesBuildPhase section */
		5693879C28A48FDC0016DC8E /* Resources */ = {
			isa = PBXResourcesBuildPhase;
			buildActionMask = 2147483647;
			files = (
				56A779E328A6DC3D0009AD26 /* progress.GIF in Resources */,
				569387A928A48FDD0016DC8E /* Preview Assets.xcassets in Resources */,
				569387A628A48FDD0016DC8E /* Assets.xcassets in Resources */,
			);
			runOnlyForDeploymentPostprocessing = 0;
		};
/* End PBXResourcesBuildPhase section */

/* Begin PBXSourcesBuildPhase section */
		5693879A28A48FDC0016DC8E /* Sources */ = {
			isa = PBXSourcesBuildPhase;
			buildActionMask = 2147483647;
			files = (
				56A779E928A950800009AD26 /* ThemePicker.swift in Sources */,
				569387B328A49B050016DC8E /* DailyScrum.swift in Sources */,
				569387BB28A6BC140016DC8E /* DetailView.swift in Sources */,
				56A779EB28A954C90009AD26 /* ThemeView.swift in Sources */,
				56A779E528A894770009AD26 /* DetailEditView.swift in Sources */,
				569387B128A499DD0016DC8E /* Theme.swift in Sources */,
				569387A428A48FDC0016DC8E /* MeetingView.swift in Sources */,
				569387B928A546C80016DC8E /* ScrumsView.swift in Sources */,
				569387A228A48FDC0016DC8E /* ScrumdingerApp.swift in Sources */,
				569387B528A49DF20016DC8E /* CardView.swift in Sources */,
				569387B728A4A1CF0016DC8E /* TrailingIconLabel.swift in Sources */,
			);
			runOnlyForDeploymentPostprocessing = 0;
		};
/* End PBXSourcesBuildPhase section */

/* Begin XCBuildConfiguration section */
		569387AA28A48FDD0016DC8E /* Debug */ = {
			isa = XCBuildConfiguration;
			buildSettings = {
				ALWAYS_SEARCH_USER_PATHS = NO;
				CLANG_ANALYZER_NONNULL = YES;
				CLANG_ANALYZER_NUMBER_OBJECT_CONVERSION = YES_AGGRESSIVE;
				CLANG_CXX_LANGUAGE_STANDARD = "gnu++17";
				CLANG_ENABLE_MODULES = YES;
				CLANG_ENABLE_OBJC_ARC = YES;
				CLANG_ENABLE_OBJC_WEAK = YES;
				CLANG_WARN_BLOCK_CAPTURE_AUTORELEASING = YES;
				CLANG_WARN_BOOL_CONVERSION = YES;
				CLANG_WARN_COMMA = YES;
				CLANG_WARN_CONSTANT_CONVERSION = YES;
				CLANG_WARN_DEPRECATED_OBJC_IMPLEMENTATIONS = YES;
				CLANG_WARN_DIRECT_OBJC_ISA_USAGE = YES_ERROR;
				CLANG_WARN_DOCUMENTATION_COMMENTS = YES;
				CLANG_WARN_EMPTY_BODY = YES;
				CLANG_WARN_ENUM_CONVERSION = YES;
				CLANG_WARN_INFINITE_RECURSION = YES;
				CLANG_WARN_INT_CONVERSION = YES;
				CLANG_WARN_NON_LITERAL_NULL_CONVERSION = YES;
				CLANG_WARN_OBJC_IMPLICIT_RETAIN_SELF = YES;
				CLANG_WARN_OBJC_LITERAL_CONVERSION = YES;
				CLANG_WARN_OBJC_ROOT_CLASS = YES_ERROR;
				CLANG_WARN_QUOTED_INCLUDE_IN_FRAMEWORK_HEADER = YES;
				CLANG_WARN_RANGE_LOOP_ANALYSIS = YES;
				CLANG_WARN_STRICT_PROTOTYPES = YES;
				CLANG_WARN_SUSPICIOUS_MOVE = YES;
				CLANG_WARN_UNGUARDED_AVAILABILITY = YES_AGGRESSIVE;
				CLANG_WARN_UNREACHABLE_CODE = YES;
				CLANG_WARN__DUPLICATE_METHOD_MATCH = YES;
				COPY_PHASE_STRIP = NO;
				DEBUG_INFORMATION_FORMAT = dwarf;
				ENABLE_STRICT_OBJC_MSGSEND = YES;
				ENABLE_TESTABILITY = YES;
				GCC_C_LANGUAGE_STANDARD = gnu11;
				GCC_DYNAMIC_NO_PIC = NO;
				GCC_NO_COMMON_BLOCKS = YES;
				GCC_OPTIMIZATION_LEVEL = 0;
				GCC_PREPROCESSOR_DEFINITIONS = (
					"DEBUG=1",
					"$(inherited)",
				);
				GCC_WARN_64_TO_32_BIT_CONVERSION = YES;
				GCC_WARN_ABOUT_RETURN_TYPE = YES_ERROR;
				GCC_WARN_UNDECLARED_SELECTOR = YES;
				GCC_WARN_UNINITIALIZED_AUTOS = YES_AGGRESSIVE;
				GCC_WARN_UNUSED_FUNCTION = YES;
				GCC_WARN_UNUSED_VARIABLE = YES;
				IPHONEOS_DEPLOYMENT_TARGET = 15.5;
				MTL_ENABLE_DEBUG_INFO = INCLUDE_SOURCE;
				MTL_FAST_MATH = YES;
				ONLY_ACTIVE_ARCH = YES;
				SDKROOT = iphoneos;
				SWIFT_ACTIVE_COMPILATION_CONDITIONS = DEBUG;
				SWIFT_OPTIMIZATION_LEVEL = "-Onone";
			};
			name = Debug;
		};
		569387AB28A48FDD0016DC8E /* Release */ = {
			isa = XCBuildConfiguration;
			buildSettings = {
				ALWAYS_SEARCH_USER_PATHS = NO;
				CLANG_ANALYZER_NONNULL = YES;
				CLANG_ANALYZER_NUMBER_OBJECT_CONVERSION = YES_AGGRESSIVE;
				CLANG_CXX_LANGUAGE_STANDARD = "gnu++17";
				CLANG_ENABLE_MODULES = YES;
				CLANG_ENABLE_OBJC_ARC = YES;
				CLANG_ENABLE_OBJC_WEAK = YES;
				CLANG_WARN_BLOCK_CAPTURE_AUTORELEASING = YES;
				CLANG_WARN_BOOL_CONVERSION = YES;
				CLANG_WARN_COMMA = YES;
				CLANG_WARN_CONSTANT_CONVERSION = YES;
				CLANG_WARN_DEPRECATED_OBJC_IMPLEMENTATIONS = YES;
				CLANG_WARN_DIRECT_OBJC_ISA_USAGE = YES_ERROR;
				CLANG_WARN_DOCUMENTATION_COMMENTS = YES;
				CLANG_WARN_EMPTY_BODY = YES;
				CLANG_WARN_ENUM_CONVERSION = YES;
				CLANG_WARN_INFINITE_RECURSION = YES;
				CLANG_WARN_INT_CONVERSION = YES;
				CLANG_WARN_NON_LITERAL_NULL_CONVERSION = YES;
				CLANG_WARN_OBJC_IMPLICIT_RETAIN_SELF = YES;
				CLANG_WARN_OBJC_LITERAL_CONVERSION = YES;
				CLANG_WARN_OBJC_ROOT_CLASS = YES_ERROR;
				CLANG_WARN_QUOTED_INCLUDE_IN_FRAMEWORK_HEADER = YES;
				CLANG_WARN_RANGE_LOOP_ANALYSIS = YES;
				CLANG_WARN_STRICT_PROTOTYPES = YES;
				CLANG_WARN_SUSPICIOUS_MOVE = YES;
				CLANG_WARN_UNGUARDED_AVAILABILITY = YES_AGGRESSIVE;
				CLANG_WARN_UNREACHABLE_CODE = YES;
				CLANG_WARN__DUPLICATE_METHOD_MATCH = YES;
				COPY_PHASE_STRIP = NO;
				DEBUG_INFORMATION_FORMAT = "dwarf-with-dsym";
				ENABLE_NS_ASSERTIONS = NO;
				ENABLE_STRICT_OBJC_MSGSEND = YES;
				GCC_C_LANGUAGE_STANDARD = gnu11;
				GCC_NO_COMMON_BLOCKS = YES;
				GCC_WARN_64_TO_32_BIT_CONVERSION = YES;
				GCC_WARN_ABOUT_RETURN_TYPE = YES_ERROR;
				GCC_WARN_UNDECLARED_SELECTOR = YES;
				GCC_WARN_UNINITIALIZED_AUTOS = YES_AGGRESSIVE;
				GCC_WARN_UNUSED_FUNCTION = YES;
				GCC_WARN_UNUSED_VARIABLE = YES;
				IPHONEOS_DEPLOYMENT_TARGET = 15.5;
				MTL_ENABLE_DEBUG_INFO = NO;
				MTL_FAST_MATH = YES;
				SDKROOT = iphoneos;
				SWIFT_COMPILATION_MODE = wholemodule;
				SWIFT_OPTIMIZATION_LEVEL = "-O";
				VALIDATE_PRODUCT = YES;
			};
			name = Release;
		};
		569387AD28A48FDD0016DC8E /* Debug */ = {
			isa = XCBuildConfiguration;
			buildSettings = {
				ASSETCATALOG_COMPILER_APPICON_NAME = AppIcon;
				ASSETCATALOG_COMPILER_GLOBAL_ACCENT_COLOR_NAME = AccentColor;
				CODE_SIGN_STYLE = Automatic;
				CURRENT_PROJECT_VERSION = 1;
				DEVELOPMENT_ASSET_PATHS = "\"Scrumdinger/Preview Content\"";
				DEVELOPMENT_TEAM = RHPLRY9X9P;
				ENABLE_PREVIEWS = YES;
				GENERATE_INFOPLIST_FILE = YES;
				INFOPLIST_KEY_UIApplicationSceneManifest_Generation = YES;
				INFOPLIST_KEY_UIApplicationSupportsIndirectInputEvents = YES;
				INFOPLIST_KEY_UILaunchScreen_Generation = YES;
				INFOPLIST_KEY_UISupportedInterfaceOrientations_iPad = "UIInterfaceOrientationPortrait UIInterfaceOrientationPortraitUpsideDown UIInterfaceOrientationLandscapeLeft UIInterfaceOrientationLandscapeRight";
				INFOPLIST_KEY_UISupportedInterfaceOrientations_iPhone = "UIInterfaceOrientationPortrait UIInterfaceOrientationLandscapeLeft UIInterfaceOrientationLandscapeRight";
				LD_RUNPATH_SEARCH_PATHS = (
					"$(inherited)",
					"@executable_path/Frameworks",
				);
				MARKETING_VERSION = 1.0;
				PRODUCT_BUNDLE_IDENTIFIER = kessenma.Scrumdinger;
				PRODUCT_NAME = "$(TARGET_NAME)";
				SWIFT_EMIT_LOC_STRINGS = YES;
				SWIFT_VERSION = 5.0;
				TARGETED_DEVICE_FAMILY = "1,2";
			};
			name = Debug;
		};
		569387AE28A48FDD0016DC8E /* Release */ = {
			isa = XCBuildConfiguration;
			buildSettings = {
				ASSETCATALOG_COMPILER_APPICON_NAME = AppIcon;
				ASSETCATALOG_COMPILER_GLOBAL_ACCENT_COLOR_NAME = AccentColor;
				CODE_SIGN_STYLE = Automatic;
				CURRENT_PROJECT_VERSION = 1;
				DEVELOPMENT_ASSET_PATHS = "\"Scrumdinger/Preview Content\"";
				DEVELOPMENT_TEAM = RHPLRY9X9P;
				ENABLE_PREVIEWS = YES;
				GENERATE_INFOPLIST_FILE = YES;
				INFOPLIST_KEY_UIApplicationSceneManifest_Generation = YES;
				INFOPLIST_KEY_UIApplicationSupportsIndirectInputEvents = YES;
				INFOPLIST_KEY_UILaunchScreen_Generation = YES;
				INFOPLIST_KEY_UISupportedInterfaceOrientations_iPad = "UIInterfaceOrientationPortrait UIInterfaceOrientationPortraitUpsideDown UIInterfaceOrientationLandscapeLeft UIInterfaceOrientationLandscapeRight";
				INFOPLIST_KEY_UISupportedInterfaceOrientations_iPhone = "UIInterfaceOrientationPortrait UIInterfaceOrientationLandscapeLeft UIInterfaceOrientationLandscapeRight";
				LD_RUNPATH_SEARCH_PATHS = (
					"$(inherited)",
					"@executable_path/Frameworks",
				);
				MARKETING_VERSION = 1.0;
				PRODUCT_BUNDLE_IDENTIFIER = kessenma.Scrumdinger;
				PRODUCT_NAME = "$(TARGET_NAME)";
				SWIFT_EMIT_LOC_STRINGS = YES;
				SWIFT_VERSION = 5.0;
				TARGETED_DEVICE_FAMILY = "1,2";
			};
			name = Release;
		};
/* End XCBuildConfiguration section */

/* Begin XCConfigurationList section */
		5693879928A48FDB0016DC8E /* Build configuration list for PBXProject "Scrumdinger" */ = {
			isa = XCConfigurationList;
			buildConfigurations = (
				569387AA28A48FDD0016DC8E /* Debug */,
				569387AB28A48FDD0016DC8E /* Release */,
			);
			defaultConfigurationIsVisible = 0;
			defaultConfigurationName = Release;
		};
		569387AC28A48FDD0016DC8E /* Build configuration list for PBXNativeTarget "Scrumdinger" */ = {
			isa = XCConfigurationList;
			buildConfigurations = (
				569387AD28A48FDD0016DC8E /* Debug */,
				569387AE28A48FDD0016DC8E /* Release */,
			);
			defaultConfigurationIsVisible = 0;
			defaultConfigurationName = Release;
		};
/* End XCConfigurationList section */
	};
	rootObject = 5693879628A48FDB0016DC8E /* Project object */;
}
